Microsoft Visual Studio Solution File, Format Version 12.00
# Visual Studio Version 16
VisualStudioVersion = 16.0.30204.135
MinimumVisualStudioVersion = 10.0.40219.1
Project("{8BC9CEB8-8B4A-11D0-8D11-00A0C91BC942}") = "rFactor2SharedMemoryMapPlugin", "rFactor2SharedMemoryMapPlugin.vcxproj", "{0F4496AA-02DE-43C9-BEBB-4CD84D9B1843}"
EndProject
Project("{8BC9CEB8-8B4A-11D0-8D11-00A0C91BC942}") = "UnitTest", "..\UnitTest\UnitTest.vcxproj", "{1FBF2D19-C0C9-4F6C-AB59-898A04D963C4}"
EndProject
Project("{8BC9CEB8-8B4A-11D0-8D11-00A0C91BC942}") = "PitMenuApp", "..\PitMenuApp\PitMenuApp.vcxproj", "{E7399880-BE4A-474A-AACC-300E9058A8BA}"
EndProject
Project("{FAE04EC0-301F-11D3-BF4B-00C04F79EFBC}") = "PitMenuSampleAppCS", "..\PitMenuSampleApp\PitMenuSampleAppCS.csproj", "{1E442053-A7A5-4F48-9A58-F97F931DD74C}"
EndProject
Global
	GlobalSection(SolutionConfigurationPlatforms) = preSolution
		Debug|Any CPU = Debug|Any CPU
		Debug|Win32 = Debug|Win32
		Debug|x64 = Debug|x64
		PitMenuApp|Any CPU = PitMenuApp|Any CPU
		PitMenuApp|Win32 = PitMenuApp|Win32
		PitMenuApp|x64 = PitMenuApp|x64
		Release_AVX2_MT|Any CPU = Release_AVX2_MT|Any CPU
		Release_AVX2_MT|Win32 = Release_AVX2_MT|Win32
		Release_AVX2_MT|x64 = Release_AVX2_MT|x64
		Release_AVX2|Any CPU = Release_AVX2|Any CPU
		Release_AVX2|Win32 = Release_AVX2|Win32
		Release_AVX2|x64 = Release_AVX2|x64
		Release_MT|Any CPU = Release_MT|Any CPU
		Release_MT|Win32 = Release_MT|Win32
		Release_MT|x64 = Release_MT|x64
		Release_PDBGEN_MT|Any CPU = Release_PDBGEN_MT|Any CPU
		Release_PDBGEN_MT|Win32 = Release_PDBGEN_MT|Win32
		Release_PDBGEN_MT|x64 = Release_PDBGEN_MT|x64
		Release_PDBGEN|Any CPU = Release_PDBGEN|Any CPU
		Release_PDBGEN|Win32 = Release_PDBGEN|Win32
		Release_PDBGEN|x64 = Release_PDBGEN|x64
		Release_PGOGEN_MT|Any CPU = Release_PGOGEN_MT|Any CPU
		Release_PGOGEN_MT|Win32 = Release_PGOGEN_MT|Win32
		Release_PGOGEN_MT|x64 = Release_PGOGEN_MT|x64
		Release_PGOGEN|Any CPU = Release_PGOGEN|Any CPU
		Release_PGOGEN|Win32 = Release_PGOGEN|Win32
		Release_PGOGEN|x64 = Release_PGOGEN|x64
		Release|Any CPU = Release|Any CPU
		Release|Win32 = Release|Win32
		Release|x64 = Release|x64
		UnitTest|Any CPU = UnitTest|Any CPU
		UnitTest|Win32 = UnitTest|Win32
		UnitTest|x64 = UnitTest|x64
	EndGlobalSection
	GlobalSection(ProjectConfigurationPlatforms) = postSolution
		{0F4496AA-02DE-43C9-BEBB-4CD84D9B1843}.Debug|Any CPU.ActiveCfg = Debug|Win32
		{0F4496AA-02DE-43C9-BEBB-4CD84D9B1843}.Debug|Win32.ActiveCfg = Debug|Win32
		{0F4496AA-02DE-43C9-BEBB-4CD84D9B1843}.Debug|Win32.Build.0 = Debug|Win32
		{0F4496AA-02DE-43C9-BEBB-4CD84D9B1843}.Debug|x64.ActiveCfg = Debug|x64
		{0F4496AA-02DE-43C9-BEBB-4CD84D9B1843}.Debug|x64.Build.0 = Debug|x64
		{0F4496AA-02DE-43C9-BEBB-4CD84D9B1843}.PitMenuApp|Any CPU.ActiveCfg = PitMenuApp|Win32
		{0F4496AA-02DE-43C9-BEBB-4CD84D9B1843}.PitMenuApp|Win32.ActiveCfg = PitMenuApp|Win32
		{0F4496AA-02DE-43C9-BEBB-4CD84D9B1843}.PitMenuApp|Win32.Build.0 = PitMenuApp|Win32
		{0F4496AA-02DE-43C9-BEBB-4CD84D9B1843}.PitMenuApp|x64.ActiveCfg = PitMenuApp|x64
		{0F4496AA-02DE-43C9-BEBB-4CD84D9B1843}.PitMenuApp|x64.Build.0 = PitMenuApp|x64
		{0F4496AA-02DE-43C9-BEBB-4CD84D9B1843}.Release_AVX2_MT|Any CPU.ActiveCfg = Release_AVX2_MT|Win32
		{0F4496AA-02DE-43C9-BEBB-4CD84D9B1843}.Release_AVX2_MT|Win32.ActiveCfg = Release_AVX2_MT|Win32
		{0F4496AA-02DE-43C9-BEBB-4CD84D9B1843}.Release_AVX2_MT|Win32.Build.0 = Release_AVX2_MT|Win32
		{0F4496AA-02DE-43C9-BEBB-4CD84D9B1843}.Release_AVX2_MT|x64.ActiveCfg = Release_AVX2_MT|x64
		{0F4496AA-02DE-43C9-BEBB-4CD84D9B1843}.Release_AVX2_MT|x64.Build.0 = Release_AVX2_MT|x64
		{0F4496AA-02DE-43C9-BEBB-4CD84D9B1843}.Release_AVX2|Any CPU.ActiveCfg = Release_AVX2|Win32
		{0F4496AA-02DE-43C9-BEBB-4CD84D9B1843}.Release_AVX2|Win32.ActiveCfg = Release_AVX2|Win32
		{0F4496AA-02DE-43C9-BEBB-4CD84D9B1843}.Release_AVX2|Win32.Build.0 = Release_AVX2|Win32
		{0F4496AA-02DE-43C9-BEBB-4CD84D9B1843}.Release_AVX2|x64.ActiveCfg = Release_AVX2|x64
		{0F4496AA-02DE-43C9-BEBB-4CD84D9B1843}.Release_AVX2|x64.Build.0 = Release_AVX2|x64
		{0F4496AA-02DE-43C9-BEBB-4CD84D9B1843}.Release_MT|Any CPU.ActiveCfg = Release_MT|Win32
		{0F4496AA-02DE-43C9-BEBB-4CD84D9B1843}.Release_MT|Win32.ActiveCfg = Release_MT|Win32
		{0F4496AA-02DE-43C9-BEBB-4CD84D9B1843}.Release_MT|Win32.Build.0 = Release_MT|Win32
		{0F4496AA-02DE-43C9-BEBB-4CD84D9B1843}.Release_MT|x64.ActiveCfg = Release_MT|x64
		{0F4496AA-02DE-43C9-BEBB-4CD84D9B1843}.Release_MT|x64.Build.0 = Release_MT|x64
		{0F4496AA-02DE-43C9-BEBB-4CD84D9B1843}.Release_PDBGEN_MT|Any CPU.ActiveCfg = Release_PDBGEN_MT|Win32
		{0F4496AA-02DE-43C9-BEBB-4CD84D9B1843}.Release_PDBGEN_MT|Win32.ActiveCfg = Release_PDBGEN_MT|Win32
		{0F4496AA-02DE-43C9-BEBB-4CD84D9B1843}.Release_PDBGEN_MT|Win32.Build.0 = Release_PDBGEN_MT|Win32
		{0F4496AA-02DE-43C9-BEBB-4CD84D9B1843}.Release_PDBGEN_MT|x64.ActiveCfg = Release_PDBGEN_MT|x64
		{0F4496AA-02DE-43C9-BEBB-4CD84D9B1843}.Release_PDBGEN_MT|x64.Build.0 = Release_PDBGEN_MT|x64
		{0F4496AA-02DE-43C9-BEBB-4CD84D9B1843}.Release_PDBGEN|Any CPU.ActiveCfg = Release_PDBGEN|Win32
		{0F4496AA-02DE-43C9-BEBB-4CD84D9B1843}.Release_PDBGEN|Win32.ActiveCfg = Release_PDBGEN|Win32
		{0F4496AA-02DE-43C9-BEBB-4CD84D9B1843}.Release_PDBGEN|Win32.Build.0 = Release_PDBGEN|Win32
		{0F4496AA-02DE-43C9-BEBB-4CD84D9B1843}.Release_PDBGEN|x64.ActiveCfg = Release_PDBGEN|x64
		{0F4496AA-02DE-43C9-BEBB-4CD84D9B1843}.Release_PDBGEN|x64.Build.0 = Release_PDBGEN|x64
		{0F4496AA-02DE-43C9-BEBB-4CD84D9B1843}.Release_PGOGEN_MT|Any CPU.ActiveCfg = Release_PGOGEN_MT|Win32
		{0F4496AA-02DE-43C9-BEBB-4CD84D9B1843}.Release_PGOGEN_MT|Win32.ActiveCfg = Release_PGOGEN_MT|Win32
		{0F4496AA-02DE-43C9-BEBB-4CD84D9B1843}.Release_PGOGEN_MT|Win32.Build.0 = Release_PGOGEN_MT|Win32
		{0F4496AA-02DE-43C9-BEBB-4CD84D9B1843}.Release_PGOGEN_MT|x64.ActiveCfg = Release_PGOGEN_MT|x64
		{0F4496AA-02DE-43C9-BEBB-4CD84D9B1843}.Release_PGOGEN_MT|x64.Build.0 = Release_PGOGEN_MT|x64
		{0F4496AA-02DE-43C9-BEBB-4CD84D9B1843}.Release_PGOGEN|Any CPU.ActiveCfg = Release_PGOGEN|Win32
		{0F4496AA-02DE-43C9-BEBB-4CD84D9B1843}.Release_PGOGEN|Win32.ActiveCfg = Release_PGOGEN|Win32
		{0F4496AA-02DE-43C9-BEBB-4CD84D9B1843}.Release_PGOGEN|Win32.Build.0 = Release_PGOGEN|Win32
		{0F4496AA-02DE-43C9-BEBB-4CD84D9B1843}.Release_PGOGEN|x64.ActiveCfg = Release_PGOGEN|x64
		{0F4496AA-02DE-43C9-BEBB-4CD84D9B1843}.Release_PGOGEN|x64.Build.0 = Release_PGOGEN|x64
		{0F4496AA-02DE-43C9-BEBB-4CD84D9B1843}.Release|Any CPU.ActiveCfg = Release|Win32
		{0F4496AA-02DE-43C9-BEBB-4CD84D9B1843}.Release|Win32.ActiveCfg = Release|Win32
		{0F4496AA-02DE-43C9-BEBB-4CD84D9B1843}.Release|Win32.Build.0 = Release|Win32
		{0F4496AA-02DE-43C9-BEBB-4CD84D9B1843}.Release|x64.ActiveCfg = Release|x64
		{0F4496AA-02DE-43C9-BEBB-4CD84D9B1843}.Release|x64.Build.0 = Release|x64
		{0F4496AA-02DE-43C9-BEBB-4CD84D9B1843}.UnitTest|Any CPU.ActiveCfg = UnitTest|Win32
		{0F4496AA-02DE-43C9-BEBB-4CD84D9B1843}.UnitTest|Win32.ActiveCfg = Release|Win32
		{0F4496AA-02DE-43C9-BEBB-4CD84D9B1843}.UnitTest|Win32.Build.0 = Release|Win32
		{0F4496AA-02DE-43C9-BEBB-4CD84D9B1843}.UnitTest|x64.ActiveCfg = UnitTest|x64
		{0F4496AA-02DE-43C9-BEBB-4CD84D9B1843}.UnitTest|x64.Build.0 = UnitTest|x64
		{1FBF2D19-C0C9-4F6C-AB59-898A04D963C4}.Debug|Any CPU.ActiveCfg = Debug|Win32
		{1FBF2D19-C0C9-4F6C-AB59-898A04D963C4}.Debug|Win32.ActiveCfg = Debug|Win32
		{1FBF2D19-C0C9-4F6C-AB59-898A04D963C4}.Debug|Win32.Build.0 = Debug|Win32
		{1FBF2D19-C0C9-4F6C-AB59-898A04D963C4}.Debug|x64.ActiveCfg = Debug|x64
		{1FBF2D19-C0C9-4F6C-AB59-898A04D963C4}.PitMenuApp|Any CPU.ActiveCfg = PitMenuApp|Win32
		{1FBF2D19-C0C9-4F6C-AB59-898A04D963C4}.PitMenuApp|Win32.ActiveCfg = PitMenuApp|Win32
		{1FBF2D19-C0C9-4F6C-AB59-898A04D963C4}.PitMenuApp|x64.ActiveCfg = PitMenuApp|x64
		{1FBF2D19-C0C9-4F6C-AB59-898A04D963C4}.Release_AVX2_MT|Any CPU.ActiveCfg = UnitTest|x64
		{1FBF2D19-C0C9-4F6C-AB59-898A04D963C4}.Release_AVX2_MT|Any CPU.Build.0 = UnitTest|x64
		{1FBF2D19-C0C9-4F6C-AB59-898A04D963C4}.Release_AVX2_MT|Win32.ActiveCfg = Release|Win32
		{1FBF2D19-C0C9-4F6C-AB59-898A04D963C4}.Release_AVX2_MT|Win32.Build.0 = Release|Win32
		{1FBF2D19-C0C9-4F6C-AB59-898A04D963C4}.Release_AVX2_MT|x64.ActiveCfg = Release|x64
		{1FBF2D19-C0C9-4F6C-AB59-898A04D963C4}.Release_AVX2_MT|x64.Build.0 = Release|x64
		{1FBF2D19-C0C9-4F6C-AB59-898A04D963C4}.Release_AVX2|Any CPU.ActiveCfg = UnitTest|x64
		{1FBF2D19-C0C9-4F6C-AB59-898A04D963C4}.Release_AVX2|Any CPU.Build.0 = UnitTest|x64
		{1FBF2D19-C0C9-4F6C-AB59-898A04D963C4}.Release_AVX2|Win32.ActiveCfg = Release|Win32
		{1FBF2D19-C0C9-4F6C-AB59-898A04D963C4}.Release_AVX2|Win32.Build.0 = Release|Win32
		{1FBF2D19-C0C9-4F6C-AB59-898A04D963C4}.Release_AVX2|x64.ActiveCfg = Release|x64
		{1FBF2D19-C0C9-4F6C-AB59-898A04D963C4}.Release_AVX2|x64.Build.0 = Release|x64
		{1FBF2D19-C0C9-4F6C-AB59-898A04D963C4}.Release_MT|Any CPU.ActiveCfg = UnitTest|x64
		{1FBF2D19-C0C9-4F6C-AB59-898A04D963C4}.Release_MT|Any CPU.Build.0 = UnitTest|x64
		{1FBF2D19-C0C9-4F6C-AB59-898A04D963C4}.Release_MT|Win32.ActiveCfg = Release|Win32
		{1FBF2D19-C0C9-4F6C-AB59-898A04D963C4}.Release_MT|Win32.Build.0 = Release|Win32
		{1FBF2D19-C0C9-4F6C-AB59-898A04D963C4}.Release_MT|x64.ActiveCfg = Release|x64
		{1FBF2D19-C0C9-4F6C-AB59-898A04D963C4}.Release_MT|x64.Build.0 = Release|x64
		{1FBF2D19-C0C9-4F6C-AB59-898A04D963C4}.Release_PDBGEN_MT|Any CPU.ActiveCfg = UnitTest|x64
		{1FBF2D19-C0C9-4F6C-AB59-898A04D963C4}.Release_PDBGEN_MT|Any CPU.Build.0 = UnitTest|x64
		{1FBF2D19-C0C9-4F6C-AB59-898A04D963C4}.Release_PDBGEN_MT|Win32.ActiveCfg = Release|Win32
		{1FBF2D19-C0C9-4F6C-AB59-898A04D963C4}.Release_PDBGEN_MT|Win32.Build.0 = Release|Win32
		{1FBF2D19-C0C9-4F6C-AB59-898A04D963C4}.Release_PDBGEN_MT|x64.ActiveCfg = Release|x64
		{1FBF2D19-C0C9-4F6C-AB59-898A04D963C4}.Release_PDBGEN_MT|x64.Build.0 = Release|x64
		{1FBF2D19-C0C9-4F6C-AB59-898A04D963C4}.Release_PDBGEN|Any CPU.ActiveCfg = UnitTest|x64
		{1FBF2D19-C0C9-4F6C-AB59-898A04D963C4}.Release_PDBGEN|Any CPU.Build.0 = UnitTest|x64
		{1FBF2D19-C0C9-4F6C-AB59-898A04D963C4}.Release_PDBGEN|Win32.ActiveCfg = Release|Win32
		{1FBF2D19-C0C9-4F6C-AB59-898A04D963C4}.Release_PDBGEN|Win32.Build.0 = Release|Win32
		{1FBF2D19-C0C9-4F6C-AB59-898A04D963C4}.Release_PDBGEN|x64.ActiveCfg = Release|x64
		{1FBF2D19-C0C9-4F6C-AB59-898A04D963C4}.Release_PDBGEN|x64.Build.0 = Release|x64
		{1FBF2D19-C0C9-4F6C-AB59-898A04D963C4}.Release_PGOGEN_MT|Any CPU.ActiveCfg = UnitTest|x64
		{1FBF2D19-C0C9-4F6C-AB59-898A04D963C4}.Release_PGOGEN_MT|Any CPU.Build.0 = UnitTest|x64
		{1FBF2D19-C0C9-4F6C-AB59-898A04D963C4}.Release_PGOGEN_MT|Win32.ActiveCfg = Release|Win32
		{1FBF2D19-C0C9-4F6C-AB59-898A04D963C4}.Release_PGOGEN_MT|Win32.Build.0 = Release|Win32
		{1FBF2D19-C0C9-4F6C-AB59-898A04D963C4}.Release_PGOGEN_MT|x64.ActiveCfg = Release|x64
		{1FBF2D19-C0C9-4F6C-AB59-898A04D963C4}.Release_PGOGEN_MT|x64.Build.0 = Release|x64
		{1FBF2D19-C0C9-4F6C-AB59-898A04D963C4}.Release_PGOGEN|Any CPU.ActiveCfg = UnitTest|x64
		{1FBF2D19-C0C9-4F6C-AB59-898A04D963C4}.Release_PGOGEN|Any CPU.Build.0 = UnitTest|x64
		{1FBF2D19-C0C9-4F6C-AB59-898A04D963C4}.Release_PGOGEN|Win32.ActiveCfg = Release|Win32
		{1FBF2D19-C0C9-4F6C-AB59-898A04D963C4}.Release_PGOGEN|Win32.Build.0 = Release|Win32
		{1FBF2D19-C0C9-4F6C-AB59-898A04D963C4}.Release_PGOGEN|x64.ActiveCfg = Release|x64
		{1FBF2D19-C0C9-4F6C-AB59-898A04D963C4}.Release_PGOGEN|x64.Build.0 = Release|x64
		{1FBF2D19-C0C9-4F6C-AB59-898A04D963C4}.Release|Any CPU.ActiveCfg = Release|Win32
		{1FBF2D19-C0C9-4F6C-AB59-898A04D963C4}.Release|Win32.ActiveCfg = Release|Win32
		{1FBF2D19-C0C9-4F6C-AB59-898A04D963C4}.Release|Win32.Build.0 = Release|Win32
		{1FBF2D19-C0C9-4F6C-AB59-898A04D963C4}.Release|x64.ActiveCfg = Release|x64
		{1FBF2D19-C0C9-4F6C-AB59-898A04D963C4}.UnitTest|Any CPU.ActiveCfg = UnitTest|Win32
		{1FBF2D19-C0C9-4F6C-AB59-898A04D963C4}.UnitTest|Win32.ActiveCfg = UnitTest|Win32
		{1FBF2D19-C0C9-4F6C-AB59-898A04D963C4}.UnitTest|Win32.Build.0 = UnitTest|Win32
		{1FBF2D19-C0C9-4F6C-AB59-898A04D963C4}.UnitTest|x64.ActiveCfg = UnitTest|x64
		{E7399880-BE4A-474A-AACC-300E9058A8BA}.Debug|Any CPU.ActiveCfg = Debug|Win32
		{E7399880-BE4A-474A-AACC-300E9058A8BA}.Debug|Win32.ActiveCfg = Debug|Win32
		{E7399880-BE4A-474A-AACC-300E9058A8BA}.Debug|Win32.Build.0 = Debug|Win32
		{E7399880-BE4A-474A-AACC-300E9058A8BA}.Debug|x64.ActiveCfg = Debug|x64
		{E7399880-BE4A-474A-AACC-300E9058A8BA}.Debug|x64.Build.0 = Debug|x64
		{E7399880-BE4A-474A-AACC-300E9058A8BA}.PitMenuApp|Any CPU.ActiveCfg = PitMenuApp|Win32
		{E7399880-BE4A-474A-AACC-300E9058A8BA}.PitMenuApp|Win32.ActiveCfg = PitMenuApp|Win32
		{E7399880-BE4A-474A-AACC-300E9058A8BA}.PitMenuApp|Win32.Build.0 = PitMenuApp|Win32
		{E7399880-BE4A-474A-AACC-300E9058A8BA}.PitMenuApp|x64.ActiveCfg = PitMenuApp|x64
		{E7399880-BE4A-474A-AACC-300E9058A8BA}.PitMenuApp|x64.Build.0 = PitMenuApp|x64
		{E7399880-BE4A-474A-AACC-300E9058A8BA}.Release_AVX2_MT|Any CPU.ActiveCfg = Release|x64
		{E7399880-BE4A-474A-AACC-300E9058A8BA}.Release_AVX2_MT|Any CPU.Build.0 = Release|x64
		{E7399880-BE4A-474A-AACC-300E9058A8BA}.Release_AVX2_MT|Win32.ActiveCfg = Release|Win32
		{E7399880-BE4A-474A-AACC-300E9058A8BA}.Release_AVX2_MT|Win32.Build.0 = Release|Win32
		{E7399880-BE4A-474A-AACC-300E9058A8BA}.Release_AVX2_MT|x64.ActiveCfg = Release|x64
		{E7399880-BE4A-474A-AACC-300E9058A8BA}.Release_AVX2_MT|x64.Build.0 = Release|x64
		{E7399880-BE4A-474A-AACC-300E9058A8BA}.Release_AVX2|Any CPU.ActiveCfg = Release|x64
		{E7399880-BE4A-474A-AACC-300E9058A8BA}.Release_AVX2|Any CPU.Build.0 = Release|x64
		{E7399880-BE4A-474A-AACC-300E9058A8BA}.Release_AVX2|Win32.ActiveCfg = Release|Win32
		{E7399880-BE4A-474A-AACC-300E9058A8BA}.Release_AVX2|Win32.Build.0 = Release|Win32
		{E7399880-BE4A-474A-AACC-300E9058A8BA}.Release_AVX2|x64.ActiveCfg = Release|x64
		{E7399880-BE4A-474A-AACC-300E9058A8BA}.Release_AVX2|x64.Build.0 = Release|x64
		{E7399880-BE4A-474A-AACC-300E9058A8BA}.Release_MT|Any CPU.ActiveCfg = Release|x64
		{E7399880-BE4A-474A-AACC-300E9058A8BA}.Release_MT|Any CPU.Build.0 = Release|x64
		{E7399880-BE4A-474A-AACC-300E9058A8BA}.Release_MT|Win32.ActiveCfg = Release|Win32
		{E7399880-BE4A-474A-AACC-300E9058A8BA}.Release_MT|Win32.Build.0 = Release|Win32
		{E7399880-BE4A-474A-AACC-300E9058A8BA}.Release_MT|x64.ActiveCfg = Release|x64
		{E7399880-BE4A-474A-AACC-300E9058A8BA}.Release_MT|x64.Build.0 = Release|x64
		{E7399880-BE4A-474A-AACC-300E9058A8BA}.Release_PDBGEN_MT|Any CPU.ActiveCfg = Release|x64
		{E7399880-BE4A-474A-AACC-300E9058A8BA}.Release_PDBGEN_MT|Any CPU.Build.0 = Release|x64
		{E7399880-BE4A-474A-AACC-300E9058A8BA}.Release_PDBGEN_MT|Win32.ActiveCfg = Release|Win32
		{E7399880-BE4A-474A-AACC-300E9058A8BA}.Release_PDBGEN_MT|Win32.Build.0 = Release|Win32
		{E7399880-BE4A-474A-AACC-300E9058A8BA}.Release_PDBGEN_MT|x64.ActiveCfg = Release|x64
		{E7399880-BE4A-474A-AACC-300E9058A8BA}.Release_PDBGEN_MT|x64.Build.0 = Release|x64
		{E7399880-BE4A-474A-AACC-300E9058A8BA}.Release_PDBGEN|Any CPU.ActiveCfg = Release|x64
		{E7399880-BE4A-474A-AACC-300E9058A8BA}.Release_PDBGEN|Any CPU.Build.0 = Release|x64
		{E7399880-BE4A-474A-AACC-300E9058A8BA}.Release_PDBGEN|Win32.ActiveCfg = Release|Win32
		{E7399880-BE4A-474A-AACC-300E9058A8BA}.Release_PDBGEN|Win32.Build.0 = Release|Win32
		{E7399880-BE4A-474A-AACC-300E9058A8BA}.Release_PDBGEN|x64.ActiveCfg = Release|x64
		{E7399880-BE4A-474A-AACC-300E9058A8BA}.Release_PDBGEN|x64.Build.0 = Release|x64
		{E7399880-BE4A-474A-AACC-300E9058A8BA}.Release_PGOGEN_MT|Any CPU.ActiveCfg = Release|x64
		{E7399880-BE4A-474A-AACC-300E9058A8BA}.Release_PGOGEN_MT|Any CPU.Build.0 = Release|x64
		{E7399880-BE4A-474A-AACC-300E9058A8BA}.Release_PGOGEN_MT|Win32.ActiveCfg = Release|Win32
		{E7399880-BE4A-474A-AACC-300E9058A8BA}.Release_PGOGEN_MT|Win32.Build.0 = Release|Win32
		{E7399880-BE4A-474A-AACC-300E9058A8BA}.Release_PGOGEN_MT|x64.ActiveCfg = Release|x64
		{E7399880-BE4A-474A-AACC-300E9058A8BA}.Release_PGOGEN_MT|x64.Build.0 = Release|x64
		{E7399880-BE4A-474A-AACC-300E9058A8BA}.Release_PGOGEN|Any CPU.ActiveCfg = Release|x64
		{E7399880-BE4A-474A-AACC-300E9058A8BA}.Release_PGOGEN|Any CPU.Build.0 = Release|x64
		{E7399880-BE4A-474A-AACC-300E9058A8BA}.Release_PGOGEN|Win32.ActiveCfg = Release|Win32
		{E7399880-BE4A-474A-AACC-300E9058A8BA}.Release_PGOGEN|Win32.Build.0 = Release|Win32
		{E7399880-BE4A-474A-AACC-300E9058A8BA}.Release_PGOGEN|x64.ActiveCfg = Release|x64
		{E7399880-BE4A-474A-AACC-300E9058A8BA}.Release_PGOGEN|x64.Build.0 = Release|x64
		{E7399880-BE4A-474A-AACC-300E9058A8BA}.Release|Any CPU.ActiveCfg = Release|Win32
		{E7399880-BE4A-474A-AACC-300E9058A8BA}.Release|Win32.ActiveCfg = Release|Win32
		{E7399880-BE4A-474A-AACC-300E9058A8BA}.Release|Win32.Build.0 = Release|Win32
		{E7399880-BE4A-474A-AACC-300E9058A8BA}.Release|x64.ActiveCfg = Release|x64
		{E7399880-BE4A-474A-AACC-300E9058A8BA}.UnitTest|Any CPU.ActiveCfg = Release|x64
		{E7399880-BE4A-474A-AACC-300E9058A8BA}.UnitTest|Any CPU.Build.0 = Release|x64
		{E7399880-BE4A-474A-AACC-300E9058A8BA}.UnitTest|Win32.ActiveCfg = Release|Win32
		{E7399880-BE4A-474A-AACC-300E9058A8BA}.UnitTest|Win32.Build.0 = Release|Win32
		{E7399880-BE4A-474A-AACC-300E9058A8BA}.UnitTest|x64.ActiveCfg = Release|x64
		{E7399880-BE4A-474A-AACC-300E9058A8BA}.UnitTest|x64.Build.0 = Release|x64
		{1E442053-A7A5-4F48-9A58-F97F931DD74C}.Debug|Any CPU.ActiveCfg = Debug|Any CPU
		{1E442053-A7A5-4F48-9A58-F97F931DD74C}.Debug|Any CPU.Build.0 = Debug|Any CPU
		{1E442053-A7A5-4F48-9A58-F97F931DD74C}.Debug|Win32.ActiveCfg = Debug|Any CPU
		{1E442053-A7A5-4F48-9A58-F97F931DD74C}.Debug|Win32.Build.0 = Debug|Any CPU
		{1E442053-A7A5-4F48-9A58-F97F931DD74C}.Debug|x64.ActiveCfg = Debug|Any CPU
		{1E442053-A7A5-4F48-9A58-F97F931DD74C}.Debug|x64.Build.0 = Debug|Any CPU
		{1E442053-A7A5-4F48-9A58-F97F931DD74C}.PitMenuApp|Any CPU.ActiveCfg = Release|Any CPU
		{1E442053-A7A5-4F48-9A58-F97F931DD74C}.PitMenuApp|Any CPU.Build.0 = Release|Any CPU
		{1E442053-A7A5-4F48-9A58-F97F931DD74C}.PitMenuApp|Win32.ActiveCfg = Release|Any CPU
		{1E442053-A7A5-4F48-9A58-F97F931DD74C}.PitMenuApp|Win32.Build.0 = Release|Any CPU
		{1E442053-A7A5-4F48-9A58-F97F931DD74C}.PitMenuApp|x64.ActiveCfg = Release|Any CPU
		{1E442053-A7A5-4F48-9A58-F97F931DD74C}.PitMenuApp|x64.Build.0 = Release|Any CPU
		{1E442053-A7A5-4F48-9A58-F97F931DD74C}.Release_AVX2_MT|Any CPU.ActiveCfg = Release|Any CPU
		{1E442053-A7A5-4F48-9A58-F97F931DD74C}.Release_AVX2_MT|Any CPU.Build.0 = Release|Any CPU
		{1E442053-A7A5-4F48-9A58-F97F931DD74C}.Release_AVX2_MT|Win32.ActiveCfg = Release|Any CPU
		{1E442053-A7A5-4F48-9A58-F97F931DD74C}.Release_AVX2_MT|Win32.Build.0 = Release|Any CPU
		{1E442053-A7A5-4F48-9A58-F97F931DD74C}.Release_AVX2_MT|x64.ActiveCfg = Release|Any CPU
		{1E442053-A7A5-4F48-9A58-F97F931DD74C}.Release_AVX2_MT|x64.Build.0 = Release|Any CPU
		{1E442053-A7A5-4F48-9A58-F97F931DD74C}.Release_AVX2|Any CPU.ActiveCfg = Release|Any CPU
		{1E442053-A7A5-4F48-9A58-F97F931DD74C}.Release_AVX2|Any CPU.Build.0 = Release|Any CPU
		{1E442053-A7A5-4F48-9A58-F97F931DD74C}.Release_AVX2|Win32.ActiveCfg = Release|Any CPU
		{1E442053-A7A5-4F48-9A58-F97F931DD74C}.Release_AVX2|Win32.Build.0 = Release|Any CPU
		{1E442053-A7A5-4F48-9A58-F97F931DD74C}.Release_AVX2|x64.ActiveCfg = Release|Any CPU
		{1E442053-A7A5-4F48-9A58-F97F931DD74C}.Release_AVX2|x64.Build.0 = Release|Any CPU
		{1E442053-A7A5-4F48-9A58-F97F931DD74C}.Release_MT|Any CPU.ActiveCfg = Release|Any CPU
		{1E442053-A7A5-4F48-9A58-F97F931DD74C}.Release_MT|Any CPU.Build.0 = Release|Any CPU
		{1E442053-A7A5-4F48-9A58-F97F931DD74C}.Release_MT|Win32.ActiveCfg = Release|Any CPU
		{1E442053-A7A5-4F48-9A58-F97F931DD74C}.Release_MT|Win32.Build.0 = Release|Any CPU
		{1E442053-A7A5-4F48-9A58-F97F931DD74C}.Release_MT|x64.ActiveCfg = Release|Any CPU
		{1E442053-A7A5-4F48-9A58-F97F931DD74C}.Release_MT|x64.Build.0 = Release|Any CPU
		{1E442053-A7A5-4F48-9A58-F97F931DD74C}.Release_PDBGEN_MT|Any CPU.ActiveCfg = Release|Any CPU
		{1E442053-A7A5-4F48-9A58-F97F931DD74C}.Release_PDBGEN_MT|Any CPU.Build.0 = Release|Any CPU
		{1E442053-A7A5-4F48-9A58-F97F931DD74C}.Release_PDBGEN_MT|Win32.ActiveCfg = Release|Any CPU
		{1E442053-A7A5-4F48-9A58-F97F931DD74C}.Release_PDBGEN_MT|Win32.Build.0 = Release|Any CPU
		{1E442053-A7A5-4F48-9A58-F97F931DD74C}.Release_PDBGEN_MT|x64.ActiveCfg = Release|Any CPU
		{1E442053-A7A5-4F48-9A58-F97F931DD74C}.Release_PDBGEN_MT|x64.Build.0 = Release|Any CPU
		{1E442053-A7A5-4F48-9A58-F97F931DD74C}.Release_PDBGEN|Any CPU.ActiveCfg = Release|Any CPU
		{1E442053-A7A5-4F48-9A58-F97F931DD74C}.Release_PDBGEN|Any CPU.Build.0 = Release|Any CPU
		{1E442053-A7A5-4F48-9A58-F97F931DD74C}.Release_PDBGEN|Win32.ActiveCfg = Release|Any CPU
		{1E442053-A7A5-4F48-9A58-F97F931DD74C}.Release_PDBGEN|Win32.Build.0 = Release|Any CPU
		{1E442053-A7A5-4F48-9A58-F97F931DD74C}.Release_PDBGEN|x64.ActiveCfg = Release|Any CPU
		{1E442053-A7A5-4F48-9A58-F97F931DD74C}.Release_PDBGEN|x64.Build.0 = Release|Any CPU
		{1E442053-A7A5-4F48-9A58-F97F931DD74C}.Release_PGOGEN_MT|Any CPU.ActiveCfg = Release|Any CPU
		{1E442053-A7A5-4F48-9A58-F97F931DD74C}.Release_PGOGEN_MT|Any CPU.Build.0 = Release|Any CPU
		{1E442053-A7A5-4F48-9A58-F97F931DD74C}.Release_PGOGEN_MT|Win32.ActiveCfg = Release|Any CPU
		{1E442053-A7A5-4F48-9A58-F97F931DD74C}.Release_PGOGEN_MT|Win32.Build.0 = Release|Any CPU
		{1E442053-A7A5-4F48-9A58-F97F931DD74C}.Release_PGOGEN_MT|x64.ActiveCfg = Release|Any CPU
		{1E442053-A7A5-4F48-9A58-F97F931DD74C}.Release_PGOGEN_MT|x64.Build.0 = Release|Any CPU
		{1E442053-A7A5-4F48-9A58-F97F931DD74C}.Release_PGOGEN|Any CPU.ActiveCfg = Release|Any CPU
		{1E442053-A7A5-4F48-9A58-F97F931DD74C}.Release_PGOGEN|Any CPU.Build.0 = Release|Any CPU
		{1E442053-A7A5-4F48-9A58-F97F931DD74C}.Release_PGOGEN|Win32.ActiveCfg = Release|Any CPU
		{1E442053-A7A5-4F48-9A58-F97F931DD74C}.Release_PGOGEN|Win32.Build.0 = Release|Any CPU
		{1E442053-A7A5-4F48-9A58-F97F931DD74C}.Release_PGOGEN|x64.ActiveCfg = Release|Any CPU
		{1E442053-A7A5-4F48-9A58-F97F931DD74C}.Release_PGOGEN|x64.Build.0 = Release|Any CPU
		{1E442053-A7A5-4F48-9A58-F97F931DD74C}.Release|Any CPU.ActiveCfg = Release|Any CPU
		{1E442053-A7A5-4F48-9A58-F97F931DD74C}.Release|Any CPU.Build.0 = Release|Any CPU
		{1E442053-A7A5-4F48-9A58-F97F931DD74C}.Release|Win32.ActiveCfg = Release|Any CPU
		{1E442053-A7A5-4F48-9A58-F97F931DD74C}.Release|Win32.Build.0 = Release|Any CPU
		{1E442053-A7A5-4F48-9A58-F97F931DD74C}.Release|x64.ActiveCfg = Release|Any CPU
		{1E442053-A7A5-4F48-9A58-F97F931DD74C}.UnitTest|Any CPU.ActiveCfg = Release|Any CPU
		{1E442053-A7A5-4F48-9A58-F97F931DD74C}.UnitTest|Any CPU.Build.0 = Release|Any CPU
		{1E442053-A7A5-4F48-9A58-F97F931DD74C}.UnitTest|Win32.ActiveCfg = Release|Any CPU
		{1E442053-A7A5-4F48-9A58-F97F931DD74C}.UnitTest|Win32.Build.0 = Release|Any CPU
		{1E442053-A7A5-4F48-9A58-F97F931DD74C}.UnitTest|x64.ActiveCfg = Release|Any CPU
		{1E442053-A7A5-4F48-9A58-F97F931DD74C}.UnitTest|x64.Build.0 = Release|Any CPU
	EndGlobalSection
	GlobalSection(SolutionProperties) = preSolution
		HideSolutionNode = FALSE
	EndGlobalSection
	GlobalSection(ExtensibilityGlobals) = postSolution
		SolutionGuid = {5EA9082B-A8A8-4221-9376-8A4818A130A1}
	EndGlobalSection
EndGlobal
